
Microsoft Visual Studio Solution File, Format Version 12.00
# Visual Studio Version 16
VisualStudioVersion = 16.0.31424.327
MinimumVisualStudioVersion = 10.0.40219.1
Project("{FAE04EC0-301F-11D3-BF4B-00C04F79EFBC}") = "CsFormsGG102-S-Ana", "CsFormsGG102-S-Ana\CsFormsGG102-S-Ana.csproj", "{11BFBC01-B362-43B9-9FF8-E75C0132064A}"
EndProject
Global
	GlobalSection(SolutionConfigurationPlatforms) = preSolution
		Debug|Any CPU = Debug|Any CPU
		Release|Any CPU = Release|Any CPU
	EndGlobalSection
	GlobalSection(ProjectConfigurationPlatforms) = postSolution
		{11BFBC01-B362-43B9-9FF8-E75C0132064A}.Debug|Any CPU.ActiveCfg = Debug|Any CPU
		{11BFBC01-B362-43B9-9FF8-E75C0132064A}.Debug|Any CPU.Build.0 = Debug|Any CPU
		{11BFBC01-B362-43B9-9FF8-E75C0132064A}.Release|Any CPU.ActiveCfg = Release|Any CPU
		{11BFBC01-B362-43B9-9FF8-E75C0132064A}.Release|Any CPU.Build.0 = Release|Any CPU
	EndGlobalSection
	GlobalSection(SolutionProperties) = preSolution
		HideSolutionNode = FALSE
	EndGlobalSection
	GlobalSection(ExtensibilityGlobals) = postSolution
		SolutionGuid = {A7FE49D8-4CF1-4983-8EB0-DF159C8DCEBD}
	EndGlobalSection
EndGlobal
